
Microsoft Visual Studio Solution File, Format Version 12.00
# Visual Studio Version 16
VisualStudioVersion = 16.0.31105.61
MinimumVisualStudioVersion = 10.0.40219.1
Project("{FAE04EC0-301F-11D3-BF4B-00C04F79EFBC}") = "KkritPad", "KkritPad\KkritPad.csproj", "{92FEE331-AF7E-4D94-BD41-D22B2713AC5E}"
EndProject
Global
	GlobalSection(SolutionConfigurationPlatforms) = preSolution
		Debug|Any CPU = Debug|Any CPU
		Release|Any CPU = Release|Any CPU
	EndGlobalSection
	GlobalSection(ProjectConfigurationPlatforms) = postSolution
		{92FEE331-AF7E-4D94-BD41-D22B2713AC5E}.Debug|Any CPU.ActiveCfg = Debug|Any CPU
		{92FEE331-AF7E-4D94-BD41-D22B2713AC5E}.Debug|Any CPU.Build.0 = Debug|Any CPU
		{92FEE331-AF7E-4D94-BD41-D22B2713AC5E}.Release|Any CPU.ActiveCfg = Release|Any CPU
		{92FEE331-AF7E-4D94-BD41-D22B2713AC5E}.Release|Any CPU.Build.0 = Release|Any CPU
	EndGlobalSection
	GlobalSection(SolutionProperties) = preSolution
		HideSolutionNode = FALSE
	EndGlobalSection
	GlobalSection(ExtensibilityGlobals) = postSolution
		SolutionGuid = {C093C642-F3D1-4691-90C5-AC055C81D4A3}
	EndGlobalSection
EndGlobal
